// !$*UTF8*$!
{
	archiveVersion = 1;
	classes = {
	};
	objectVersion = 46;
	objects = {

/* Begin PBXBuildFile section */
		027C35801D44873C00B7EA5A /* EditQuestionViewController.swift in Sources */ = {isa = PBXBuildFile; fileRef = 027C357F1D44873C00B7EA5A /* EditQuestionViewController.swift */; };
		027C35821D4492E000B7EA5A /* SolvingViewController.swift in Sources */ = {isa = PBXBuildFile; fileRef = 027C35811D4492E000B7EA5A /* SolvingViewController.swift */; };
		027C35841D449F1200B7EA5A /* SolverViewController.swift in Sources */ = {isa = PBXBuildFile; fileRef = 027C35831D449F1200B7EA5A /* SolverViewController.swift */; };
		027C35861D457ACF00B7EA5A /* PopupViewController.swift in Sources */ = {isa = PBXBuildFile; fileRef = 027C35851D457ACF00B7EA5A /* PopupViewController.swift */; };
		027C35A51D45C68400B7EA5A /* OCRService.swift in Sources */ = {isa = PBXBuildFile; fileRef = 027C35A41D45C68400B7EA5A /* OCRService.swift */; };
		028565851D43341100FC36E2 /* CameraViewController.swift in Sources */ = {isa = PBXBuildFile; fileRef = 028565841D43341100FC36E2 /* CameraViewController.swift */; };
		028565871D4339CC00FC36E2 /* Assets.xcassets in Resources */ = {isa = PBXBuildFile; fileRef = 02A558221D43207100D317EE /* Assets.xcassets */; };
		028565891D4341C600FC36E2 /* QuestionPreviewViewController.swift in Sources */ = {isa = PBXBuildFile; fileRef = 028565881D4341C600FC36E2 /* QuestionPreviewViewController.swift */; };
		02878B151D43499B00935EBA /* Constants.swift in Sources */ = {isa = PBXBuildFile; fileRef = 02878B141D43499B00935EBA /* Constants.swift */; };
		02A5581C1D43207100D317EE /* AppDelegate.swift in Sources */ = {isa = PBXBuildFile; fileRef = 02A5581B1D43207100D317EE /* AppDelegate.swift */; };
		02A5581E1D43207100D317EE /* ViewController.swift in Sources */ = {isa = PBXBuildFile; fileRef = 02A5581D1D43207100D317EE /* ViewController.swift */; };
		02A558211D43207100D317EE /* Main.storyboard in Resources */ = {isa = PBXBuildFile; fileRef = 02A5581F1D43207100D317EE /* Main.storyboard */; };
		02A558261D43207100D317EE /* LaunchScreen.storyboard in Resources */ = {isa = PBXBuildFile; fileRef = 02A558241D43207100D317EE /* LaunchScreen.storyboard */; };
		17D382CE31AD020BCE9E4717 /* Pods_Solvely.framework in Frameworks */ = {isa = PBXBuildFile; fileRef = A8AC2C71E42701E4395175C0 /* Pods_Solvely.framework */; };
/* End PBXBuildFile section */

/* Begin PBXCopyFilesBuildPhase section */
		028565861D4338C800FC36E2 /* CopyFiles */ = {
			isa = PBXCopyFilesBuildPhase;
			buildActionMask = 2147483647;
			dstPath = "";
			dstSubfolderSpec = 7;
			files = (
			);
			runOnlyForDeploymentPostprocessing = 0;
		};
/* End PBXCopyFilesBuildPhase section */

/* Begin PBXFileReference section */
		027C357F1D44873C00B7EA5A /* EditQuestionViewController.swift */ = {isa = PBXFileReference; fileEncoding = 4; lastKnownFileType = sourcecode.swift; path = EditQuestionViewController.swift; sourceTree = "<group>"; };
		027C35811D4492E000B7EA5A /* SolvingViewController.swift */ = {isa = PBXFileReference; fileEncoding = 4; lastKnownFileType = sourcecode.swift; path = SolvingViewController.swift; sourceTree = "<group>"; };
		027C35831D449F1200B7EA5A /* SolverViewController.swift */ = {isa = PBXFileReference; fileEncoding = 4; lastKnownFileType = sourcecode.swift; path = SolverViewController.swift; sourceTree = "<group>"; };
		027C35851D457ACF00B7EA5A /* PopupViewController.swift */ = {isa = PBXFileReference; fileEncoding = 4; lastKnownFileType = sourcecode.swift; path = PopupViewController.swift; sourceTree = "<group>"; };
		027C35A01D45BD7F00B7EA5A /* Solvely-Bridging-Header.h */ = {isa = PBXFileReference; lastKnownFileType = sourcecode.c.h; path = "Solvely-Bridging-Header.h"; sourceTree = "<group>"; };
		027C35A41D45C68400B7EA5A /* OCRService.swift */ = {isa = PBXFileReference; fileEncoding = 4; lastKnownFileType = sourcecode.swift; path = OCRService.swift; sourceTree = "<group>"; };
		028565841D43341100FC36E2 /* CameraViewController.swift */ = {isa = PBXFileReference; fileEncoding = 4; lastKnownFileType = sourcecode.swift; path = CameraViewController.swift; sourceTree = "<group>"; };
		028565881D4341C600FC36E2 /* QuestionPreviewViewController.swift */ = {isa = PBXFileReference; fileEncoding = 4; lastKnownFileType = sourcecode.swift; path = QuestionPreviewViewController.swift; sourceTree = "<group>"; };
		02878B141D43499B00935EBA /* Constants.swift */ = {isa = PBXFileReference; fileEncoding = 4; lastKnownFileType = sourcecode.swift; path = Constants.swift; sourceTree = "<group>"; };
		02A558181D43207100D317EE /* Solvely.app */ = {isa = PBXFileReference; explicitFileType = wrapper.application; includeInIndex = 0; path = Solvely.app; sourceTree = BUILT_PRODUCTS_DIR; };
		02A5581B1D43207100D317EE /* AppDelegate.swift */ = {isa = PBXFileReference; lastKnownFileType = sourcecode.swift; path = AppDelegate.swift; sourceTree = "<group>"; };
		02A5581D1D43207100D317EE /* ViewController.swift */ = {isa = PBXFileReference; lastKnownFileType = sourcecode.swift; path = ViewController.swift; sourceTree = "<group>"; };
		02A558201D43207100D317EE /* Base */ = {isa = PBXFileReference; lastKnownFileType = file.storyboard; name = Base; path = Base.lproj/Main.storyboard; sourceTree = "<group>"; };
		02A558221D43207100D317EE /* Assets.xcassets */ = {isa = PBXFileReference; lastKnownFileType = folder.assetcatalog; path = Assets.xcassets; sourceTree = "<group>"; };
		02A558251D43207100D317EE /* Base */ = {isa = PBXFileReference; lastKnownFileType = file.storyboard; name = Base; path = Base.lproj/LaunchScreen.storyboard; sourceTree = "<group>"; };
		02A558271D43207100D317EE /* Info.plist */ = {isa = PBXFileReference; lastKnownFileType = text.plist.xml; path = Info.plist; sourceTree = "<group>"; };
		07CBE70C20FB0F6557F45BCF /* Pods-Solvely.release.xcconfig */ = {isa = PBXFileReference; includeInIndex = 1; lastKnownFileType = text.xcconfig; name = "Pods-Solvely.release.xcconfig"; path = "Pods/Target Support Files/Pods-Solvely/Pods-Solvely.release.xcconfig"; sourceTree = "<group>"; };
		A8AC2C71E42701E4395175C0 /* Pods_Solvely.framework */ = {isa = PBXFileReference; explicitFileType = wrapper.framework; includeInIndex = 0; path = Pods_Solvely.framework; sourceTree = BUILT_PRODUCTS_DIR; };
		FD7149843F9463D56370055B /* Pods-Solvely.debug.xcconfig */ = {isa = PBXFileReference; includeInIndex = 1; lastKnownFileType = text.xcconfig; name = "Pods-Solvely.debug.xcconfig"; path = "Pods/Target Support Files/Pods-Solvely/Pods-Solvely.debug.xcconfig"; sourceTree = "<group>"; };
/* End PBXFileReference section */

/* Begin PBXFrameworksBuildPhase section */
		02A558151D43207100D317EE /* Frameworks */ = {
			isa = PBXFrameworksBuildPhase;
			buildActionMask = 2147483647;
			files = (
				17D382CE31AD020BCE9E4717 /* Pods_Solvely.framework in Frameworks */,
			);
			runOnlyForDeploymentPostprocessing = 0;
		};
/* End PBXFrameworksBuildPhase section */

/* Begin PBXGroup section */
		027C35A31D45C67000B7EA5A /* services */ = {
			isa = PBXGroup;
			children = (
				027C35A41D45C68400B7EA5A /* OCRService.swift */,
			);
			name = services;
			sourceTree = "<group>";
		};
		02878B131D43498D00935EBA /* controllers */ = {
			isa = PBXGroup;
			children = (
				028565881D4341C600FC36E2 /* QuestionPreviewViewController.swift */,
				02A5581D1D43207100D317EE /* ViewController.swift */,
				028565841D43341100FC36E2 /* CameraViewController.swift */,
				027C357F1D44873C00B7EA5A /* EditQuestionViewController.swift */,
				027C35811D4492E000B7EA5A /* SolvingViewController.swift */,
				027C35831D449F1200B7EA5A /* SolverViewController.swift */,
				027C35851D457ACF00B7EA5A /* PopupViewController.swift */,
			);
			name = controllers;
			sourceTree = "<group>";
		};
		02A5580F1D43207100D317EE = {
			isa = PBXGroup;
			children = (
				02A5581A1D43207100D317EE /* Solvely */,
				02A558191D43207100D317EE /* Products */,
				48B3F0E718A3B734ACCFE346 /* Pods */,
				F7364496991433B47A713117 /* Frameworks */,
			);
			sourceTree = "<group>";
		};
		02A558191D43207100D317EE /* Products */ = {
			isa = PBXGroup;
			children = (
				02A558181D43207100D317EE /* Solvely.app */,
			);
			name = Products;
			sourceTree = "<group>";
		};
		02A5581A1D43207100D317EE /* Solvely */ = {
			isa = PBXGroup;
			children = (
				027C35A31D45C67000B7EA5A /* services */,
				02878B131D43498D00935EBA /* controllers */,
				02A5581B1D43207100D317EE /* AppDelegate.swift */,
				02878B141D43499B00935EBA /* Constants.swift */,
				02A5581F1D43207100D317EE /* Main.storyboard */,
				02A558221D43207100D317EE /* Assets.xcassets */,
				02A558241D43207100D317EE /* LaunchScreen.storyboard */,
				02A558271D43207100D317EE /* Info.plist */,
				027C35A01D45BD7F00B7EA5A /* Solvely-Bridging-Header.h */,
			);
			path = Solvely;
			sourceTree = "<group>";
		};
		48B3F0E718A3B734ACCFE346 /* Pods */ = {
			isa = PBXGroup;
			children = (
				FD7149843F9463D56370055B /* Pods-Solvely.debug.xcconfig */,
				07CBE70C20FB0F6557F45BCF /* Pods-Solvely.release.xcconfig */,
			);
			name = Pods;
			sourceTree = "<group>";
		};
		F7364496991433B47A713117 /* Frameworks */ = {
			isa = PBXGroup;
			children = (
				A8AC2C71E42701E4395175C0 /* Pods_Solvely.framework */,
			);
			name = Frameworks;
			sourceTree = "<group>";
		};
/* End PBXGroup section */

/* Begin PBXNativeTarget section */
		02A558171D43207100D317EE /* Solvely */ = {
			isa = PBXNativeTarget;
			buildConfigurationList = 02A5582A1D43207100D317EE /* Build configuration list for PBXNativeTarget "Solvely" */;
			buildPhases = (
				AC50F4FB0EC73FC788A881D3 /* 📦 Check Pods Manifest.lock */,
				02A558141D43207100D317EE /* Sources */,
				02A558151D43207100D317EE /* Frameworks */,
				02A558161D43207100D317EE /* Resources */,
				62126A40E1C5B0D6365A0273 /* 📦 Embed Pods Frameworks */,
				B80CCF670F8806A3FD033F21 /* 📦 Copy Pods Resources */,
				028565861D4338C800FC36E2 /* CopyFiles */,
			);
			buildRules = (
			);
			dependencies = (
			);
			name = Solvely;
			productName = Solvely;
			productReference = 02A558181D43207100D317EE /* Solvely.app */;
			productType = "com.apple.product-type.application";
		};
/* End PBXNativeTarget section */

/* Begin PBXProject section */
		02A558101D43207100D317EE /* Project object */ = {
			isa = PBXProject;
			attributes = {
				LastSwiftUpdateCheck = 0730;
				LastUpgradeCheck = 0730;
				ORGANIZATIONNAME = Solvely;
				TargetAttributes = {
					02A558171D43207100D317EE = {
						CreatedOnToolsVersion = 7.3;
					};
				};
			};
			buildConfigurationList = 02A558131D43207100D317EE /* Build configuration list for PBXProject "Solvely" */;
			compatibilityVersion = "Xcode 3.2";
			developmentRegion = English;
			hasScannedForEncodings = 0;
			knownRegions = (
				en,
				Base,
			);
			mainGroup = 02A5580F1D43207100D317EE;
			productRefGroup = 02A558191D43207100D317EE /* Products */;
			projectDirPath = "";
			projectRoot = "";
			targets = (
				02A558171D43207100D317EE /* Solvely */,
			);
		};
/* End PBXProject section */

/* Begin PBXResourcesBuildPhase section */
		02A558161D43207100D317EE /* Resources */ = {
			isa = PBXResourcesBuildPhase;
			buildActionMask = 2147483647;
			files = (
				028565871D4339CC00FC36E2 /* Assets.xcassets in Resources */,
				02A558261D43207100D317EE /* LaunchScreen.storyboard in Resources */,
				02A558211D43207100D317EE /* Main.storyboard in Resources */,
			);
			runOnlyForDeploymentPostprocessing = 0;
		};
/* End PBXResourcesBuildPhase section */

/* Begin PBXShellScriptBuildPhase section */
		62126A40E1C5B0D6365A0273 /* 📦 Embed Pods Frameworks */ = {
			isa = PBXShellScriptBuildPhase;
			buildActionMask = 2147483647;
			files = (
			);
			inputPaths = (
			);
			name = "📦 Embed Pods Frameworks";
			outputPaths = (
			);
			runOnlyForDeploymentPostprocessing = 0;
			shellPath = /bin/sh;
			shellScript = "\"${SRCROOT}/Pods/Target Support Files/Pods-Solvely/Pods-Solvely-frameworks.sh\"\n";
			showEnvVarsInLog = 0;
		};
		AC50F4FB0EC73FC788A881D3 /* 📦 Check Pods Manifest.lock */ = {
			isa = PBXShellScriptBuildPhase;
			buildActionMask = 2147483647;
			files = (
			);
			inputPaths = (
			);
			name = "📦 Check Pods Manifest.lock";
			outputPaths = (
			);
			runOnlyForDeploymentPostprocessing = 0;
			shellPath = /bin/sh;
			shellScript = "diff \"${PODS_ROOT}/../Podfile.lock\" \"${PODS_ROOT}/Manifest.lock\" > /dev/null\nif [[ $? != 0 ]] ; then\n    cat << EOM\nerror: The sandbox is not in sync with the Podfile.lock. Run 'pod install' or update your CocoaPods installation.\nEOM\n    exit 1\nfi\n";
			showEnvVarsInLog = 0;
		};
		B80CCF670F8806A3FD033F21 /* 📦 Copy Pods Resources */ = {
			isa = PBXShellScriptBuildPhase;
			buildActionMask = 2147483647;
			files = (
			);
			inputPaths = (
			);
			name = "📦 Copy Pods Resources";
			outputPaths = (
			);
			runOnlyForDeploymentPostprocessing = 0;
			shellPath = /bin/sh;
			shellScript = "\"${SRCROOT}/Pods/Target Support Files/Pods-Solvely/Pods-Solvely-resources.sh\"\n";
			showEnvVarsInLog = 0;
		};
/* End PBXShellScriptBuildPhase section */

/* Begin PBXSourcesBuildPhase section */
		02A558141D43207100D317EE /* Sources */ = {
			isa = PBXSourcesBuildPhase;
			buildActionMask = 2147483647;
			files = (
				027C35A51D45C68400B7EA5A /* OCRService.swift in Sources */,
				02878B151D43499B00935EBA /* Constants.swift in Sources */,
				02A5581E1D43207100D317EE /* ViewController.swift in Sources */,
				027C35801D44873C00B7EA5A /* EditQuestionViewController.swift in Sources */,
				027C35821D4492E000B7EA5A /* SolvingViewController.swift in Sources */,
				02A5581C1D43207100D317EE /* AppDelegate.swift in Sources */,
				027C35861D457ACF00B7EA5A /* PopupViewController.swift in Sources */,
				028565851D43341100FC36E2 /* CameraViewController.swift in Sources */,
				028565891D4341C600FC36E2 /* QuestionPreviewViewController.swift in Sources */,
				027C35841D449F1200B7EA5A /* SolverViewController.swift in Sources */,
			);
			runOnlyForDeploymentPostprocessing = 0;
		};
/* End PBXSourcesBuildPhase section */

/* Begin PBXVariantGroup section */
		02A5581F1D43207100D317EE /* Main.storyboard */ = {
			isa = PBXVariantGroup;
			children = (
				02A558201D43207100D317EE /* Base */,
			);
			name = Main.storyboard;
			sourceTree = "<group>";
		};
		02A558241D43207100D317EE /* LaunchScreen.storyboard */ = {
			isa = PBXVariantGroup;
			children = (
				02A558251D43207100D317EE /* Base */,
			);
			name = LaunchScreen.storyboard;
			sourceTree = "<group>";
		};
/* End PBXVariantGroup section */

/* Begin XCBuildConfiguration section */
		02A558281D43207100D317EE /* Debug */ = {
			isa = XCBuildConfiguration;
			buildSettings = {
				ALWAYS_SEARCH_USER_PATHS = NO;
				CLANG_ANALYZER_NONNULL = YES;
				CLANG_CXX_LANGUAGE_STANDARD = "gnu++0x";
				CLANG_CXX_LIBRARY = "libc++";
				CLANG_ENABLE_MODULES = YES;
				CLANG_ENABLE_OBJC_ARC = YES;
				CLANG_WARN_BOOL_CONVERSION = YES;
				CLANG_WARN_CONSTANT_CONVERSION = YES;
				CLANG_WARN_DIRECT_OBJC_ISA_USAGE = YES_ERROR;
				CLANG_WARN_EMPTY_BODY = YES;
				CLANG_WARN_ENUM_CONVERSION = YES;
				CLANG_WARN_INT_CONVERSION = YES;
				CLANG_WARN_OBJC_ROOT_CLASS = YES_ERROR;
				CLANG_WARN_UNREACHABLE_CODE = YES;
				CLANG_WARN__DUPLICATE_METHOD_MATCH = YES;
				"CODE_SIGN_IDENTITY[sdk=iphoneos*]" = "iPhone Developer";
				COPY_PHASE_STRIP = NO;
				DEBUG_INFORMATION_FORMAT = dwarf;
				ENABLE_STRICT_OBJC_MSGSEND = YES;
				ENABLE_TESTABILITY = YES;
				GCC_C_LANGUAGE_STANDARD = gnu99;
				GCC_DYNAMIC_NO_PIC = NO;
				GCC_NO_COMMON_BLOCKS = YES;
				GCC_OPTIMIZATION_LEVEL = 0;
				GCC_PREPROCESSOR_DEFINITIONS = (
					"DEBUG=1",
					"$(inherited)",
				);
				GCC_WARN_64_TO_32_BIT_CONVERSION = YES;
				GCC_WARN_ABOUT_RETURN_TYPE = YES_ERROR;
				GCC_WARN_UNDECLARED_SELECTOR = YES;
				GCC_WARN_UNINITIALIZED_AUTOS = YES_AGGRESSIVE;
				GCC_WARN_UNUSED_FUNCTION = YES;
				GCC_WARN_UNUSED_VARIABLE = YES;
				IPHONEOS_DEPLOYMENT_TARGET = 9.3;
				MTL_ENABLE_DEBUG_INFO = YES;
				ONLY_ACTIVE_ARCH = YES;
				SDKROOT = iphoneos;
				SWIFT_OPTIMIZATION_LEVEL = "-Onone";
			};
			name = Debug;
		};
		02A558291D43207100D317EE /* Release */ = {
			isa = XCBuildConfiguration;
			buildSettings = {
				ALWAYS_SEARCH_USER_PATHS = NO;
				CLANG_ANALYZER_NONNULL = YES;
				CLANG_CXX_LANGUAGE_STANDARD = "gnu++0x";
				CLANG_CXX_LIBRARY = "libc++";
				CLANG_ENABLE_MODULES = YES;
				CLANG_ENABLE_OBJC_ARC = YES;
				CLANG_WARN_BOOL_CONVERSION = YES;
				CLANG_WARN_CONSTANT_CONVERSION = YES;
				CLANG_WARN_DIRECT_OBJC_ISA_USAGE = YES_ERROR;
				CLANG_WARN_EMPTY_BODY = YES;
				CLANG_WARN_ENUM_CONVERSION = YES;
				CLANG_WARN_INT_CONVERSION = YES;
				CLANG_WARN_OBJC_ROOT_CLASS = YES_ERROR;
				CLANG_WARN_UNREACHABLE_CODE = YES;
				CLANG_WARN__DUPLICATE_METHOD_MATCH = YES;
				"CODE_SIGN_IDENTITY[sdk=iphoneos*]" = "iPhone Developer";
				COPY_PHASE_STRIP = NO;
				DEBUG_INFORMATION_FORMAT = "dwarf-with-dsym";
				ENABLE_NS_ASSERTIONS = NO;
				ENABLE_STRICT_OBJC_MSGSEND = YES;
				GCC_C_LANGUAGE_STANDARD = gnu99;
				GCC_NO_COMMON_BLOCKS = YES;
				GCC_WARN_64_TO_32_BIT_CONVERSION = YES;
				GCC_WARN_ABOUT_RETURN_TYPE = YES_ERROR;
				GCC_WARN_UNDECLARED_SELECTOR = YES;
				GCC_WARN_UNINITIALIZED_AUTOS = YES_AGGRESSIVE;
				GCC_WARN_UNUSED_FUNCTION = YES;
				GCC_WARN_UNUSED_VARIABLE = YES;
				IPHONEOS_DEPLOYMENT_TARGET = 9.3;
				MTL_ENABLE_DEBUG_INFO = NO;
				SDKROOT = iphoneos;
				VALIDATE_PRODUCT = YES;
			};
			name = Release;
		};
		02A5582B1D43207100D317EE /* Debug */ = {
			isa = XCBuildConfiguration;
			baseConfigurationReference = FD7149843F9463D56370055B /* Pods-Solvely.debug.xcconfig */;
			buildSettings = {
				ASSETCATALOG_COMPILER_APPICON_NAME = AppIcon;
				CLANG_ENABLE_MODULES = YES;
				ENABLE_BITCODE = NO;
				INFOPLIST_FILE = Solvely/Info.plist;
				IPHONEOS_DEPLOYMENT_TARGET = 9.0;
				LD_RUNPATH_SEARCH_PATHS = "$(inherited) @executable_path/Frameworks";
				PRODUCT_BUNDLE_IDENTIFIER = com.solvely.Solvely;
				PRODUCT_NAME = "$(TARGET_NAME)";
				SWIFT_OBJC_BRIDGING_HEADER = "Solvely/Solvely-Bridging-Header.h";
				SWIFT_OPTIMIZATION_LEVEL = "-Onone";
			};
			name = Debug;
		};
		02A5582C1D43207100D317EE /* Release */ = {
			isa = XCBuildConfiguration;
			baseConfigurationReference = 07CBE70C20FB0F6557F45BCF /* Pods-Solvely.release.xcconfig */;
			buildSettings = {
				ASSETCATALOG_COMPILER_APPICON_NAME = AppIcon;
				CLANG_ENABLE_MODULES = YES;
				ENABLE_BITCODE = NO;
				INFOPLIST_FILE = Solvely/Info.plist;
				IPHONEOS_DEPLOYMENT_TARGET = 9.0;
				LD_RUNPATH_SEARCH_PATHS = "$(inherited) @executable_path/Frameworks";
				PRODUCT_BUNDLE_IDENTIFIER = com.solvely.Solvely;
				PRODUCT_NAME = "$(TARGET_NAME)";
				SWIFT_OBJC_BRIDGING_HEADER = "Solvely/Solvely-Bridging-Header.h";
			};
			name = Release;
		};
/* End XCBuildConfiguration section */

/* Begin XCConfigurationList section */
		02A558131D43207100D317EE /* Build configuration list for PBXProject "Solvely" */ = {
			isa = XCConfigurationList;
			buildConfigurations = (
				02A558281D43207100D317EE /* Debug */,
				02A558291D43207100D317EE /* Release */,
			);
			defaultConfigurationIsVisible = 0;
			defaultConfigurationName = Release;
		};
		02A5582A1D43207100D317EE /* Build configuration list for PBXNativeTarget "Solvely" */ = {
			isa = XCConfigurationList;
			buildConfigurations = (
				02A5582B1D43207100D317EE /* Debug */,
				02A5582C1D43207100D317EE /* Release */,
			);
			defaultConfigurationIsVisible = 0;
			defaultConfigurationName = Release;
		};
/* End XCConfigurationList section */
	};
	rootObject = 02A558101D43207100D317EE /* Project object */;
}
