// !$*UTF8*$!
{
	archiveVersion = 1;
	classes = {
	};
	objectVersion = 46;
	objects = {

/* Begin PBXBuildFile section */
		02F5520E1D71733C00F6E2F6 /* HomeViewController.swift in Sources */ = {isa = PBXBuildFile; fileRef = 02F5520D1D71733C00F6E2F6 /* HomeViewController.swift */; };
		02F552101D71735300F6E2F6 /* AnswerViewController.swift in Sources */ = {isa = PBXBuildFile; fileRef = 02F5520F1D71735300F6E2F6 /* AnswerViewController.swift */; };
		02F552121D71743500F6E2F6 /* Error.storyboard in Resources */ = {isa = PBXBuildFile; fileRef = 02F552111D71743500F6E2F6 /* Error.storyboard */; };
		02F552171D72205100F6E2F6 /* Constants.swift in Sources */ = {isa = PBXBuildFile; fileRef = 02F552161D72205100F6E2F6 /* Constants.swift */; };
		02F5521A1D722A4E00F6E2F6 /* OCRService.swift in Sources */ = {isa = PBXBuildFile; fileRef = 02F552191D722A4E00F6E2F6 /* OCRService.swift */; };
		02FE84221D7170AE0027AC8A /* AppDelegate.swift in Sources */ = {isa = PBXBuildFile; fileRef = 02FE84211D7170AE0027AC8A /* AppDelegate.swift */; };
		02FE84241D7170AE0027AC8A /* ViewController.swift in Sources */ = {isa = PBXBuildFile; fileRef = 02FE84231D7170AE0027AC8A /* ViewController.swift */; };
		02FE84271D7170AE0027AC8A /* Main.storyboard in Resources */ = {isa = PBXBuildFile; fileRef = 02FE84251D7170AE0027AC8A /* Main.storyboard */; };
		02FE84291D7170AE0027AC8A /* Assets.xcassets in Resources */ = {isa = PBXBuildFile; fileRef = 02FE84281D7170AE0027AC8A /* Assets.xcassets */; };
		02FE842C1D7170AE0027AC8A /* LaunchScreen.storyboard in Resources */ = {isa = PBXBuildFile; fileRef = 02FE842A1D7170AE0027AC8A /* LaunchScreen.storyboard */; };
		7146F1A427C72736BA7CA532 /* Pods_Solvely.framework in Frameworks */ = {isa = PBXBuildFile; fileRef = CB3B6DE8D3A9DB2A814F770E /* Pods_Solvely.framework */; };
/* End PBXBuildFile section */

/* Begin PBXFileReference section */
		02F5520D1D71733C00F6E2F6 /* HomeViewController.swift */ = {isa = PBXFileReference; fileEncoding = 4; lastKnownFileType = sourcecode.swift; path = HomeViewController.swift; sourceTree = "<group>"; };
		02F5520F1D71735300F6E2F6 /* AnswerViewController.swift */ = {isa = PBXFileReference; fileEncoding = 4; lastKnownFileType = sourcecode.swift; path = AnswerViewController.swift; sourceTree = "<group>"; };
		02F552111D71743500F6E2F6 /* Error.storyboard */ = {isa = PBXFileReference; fileEncoding = 4; lastKnownFileType = file.storyboard; path = Error.storyboard; sourceTree = "<group>"; };
		02F552131D72146B00F6E2F6 /* Solvely-Bridging-Header.h */ = {isa = PBXFileReference; lastKnownFileType = sourcecode.c.h; path = "Solvely-Bridging-Header.h"; sourceTree = "<group>"; };
		02F552161D72205100F6E2F6 /* Constants.swift */ = {isa = PBXFileReference; fileEncoding = 4; lastKnownFileType = sourcecode.swift; path = Constants.swift; sourceTree = "<group>"; };
		02F552191D722A4E00F6E2F6 /* OCRService.swift */ = {isa = PBXFileReference; fileEncoding = 4; lastKnownFileType = sourcecode.swift; path = OCRService.swift; sourceTree = "<group>"; };
		02FE841E1D7170AE0027AC8A /* Solvely.app */ = {isa = PBXFileReference; explicitFileType = wrapper.application; includeInIndex = 0; path = Solvely.app; sourceTree = BUILT_PRODUCTS_DIR; };
		02FE84211D7170AE0027AC8A /* AppDelegate.swift */ = {isa = PBXFileReference; lastKnownFileType = sourcecode.swift; path = AppDelegate.swift; sourceTree = "<group>"; };
		02FE84231D7170AE0027AC8A /* ViewController.swift */ = {isa = PBXFileReference; lastKnownFileType = sourcecode.swift; path = ViewController.swift; sourceTree = "<group>"; };
		02FE84261D7170AE0027AC8A /* Base */ = {isa = PBXFileReference; lastKnownFileType = file.storyboard; name = Base; path = Base.lproj/Main.storyboard; sourceTree = "<group>"; };
		02FE84281D7170AE0027AC8A /* Assets.xcassets */ = {isa = PBXFileReference; lastKnownFileType = folder.assetcatalog; path = Assets.xcassets; sourceTree = "<group>"; };
		02FE842B1D7170AE0027AC8A /* Base */ = {isa = PBXFileReference; lastKnownFileType = file.storyboard; name = Base; path = Base.lproj/LaunchScreen.storyboard; sourceTree = "<group>"; };
		02FE842D1D7170AE0027AC8A /* Info.plist */ = {isa = PBXFileReference; lastKnownFileType = text.plist.xml; path = Info.plist; sourceTree = "<group>"; };
		2CD9636A3E885DDD02B64A9F /* Pods-Solvely.release.xcconfig */ = {isa = PBXFileReference; includeInIndex = 1; lastKnownFileType = text.xcconfig; name = "Pods-Solvely.release.xcconfig"; path = "Pods/Target Support Files/Pods-Solvely/Pods-Solvely.release.xcconfig"; sourceTree = "<group>"; };
		402D09A6843AD2C090BA6A9D /* Pods-Solvely.debug.xcconfig */ = {isa = PBXFileReference; includeInIndex = 1; lastKnownFileType = text.xcconfig; name = "Pods-Solvely.debug.xcconfig"; path = "Pods/Target Support Files/Pods-Solvely/Pods-Solvely.debug.xcconfig"; sourceTree = "<group>"; };
		CB3B6DE8D3A9DB2A814F770E /* Pods_Solvely.framework */ = {isa = PBXFileReference; explicitFileType = wrapper.framework; includeInIndex = 0; path = Pods_Solvely.framework; sourceTree = BUILT_PRODUCTS_DIR; };
/* End PBXFileReference section */

/* Begin PBXFrameworksBuildPhase section */
		02FE841B1D7170AE0027AC8A /* Frameworks */ = {
			isa = PBXFrameworksBuildPhase;
			buildActionMask = 2147483647;
			files = (
				7146F1A427C72736BA7CA532 /* Pods_Solvely.framework in Frameworks */,
			);
			runOnlyForDeploymentPostprocessing = 0;
		};
/* End PBXFrameworksBuildPhase section */

/* Begin PBXGroup section */
		02F5520B1D7172CF00F6E2F6 /* storyboards */ = {
			isa = PBXGroup;
			children = (
				02FE84251D7170AE0027AC8A /* Main.storyboard */,
				02FE842A1D7170AE0027AC8A /* LaunchScreen.storyboard */,
				02F552111D71743500F6E2F6 /* Error.storyboard */,
			);
			name = storyboards;
			sourceTree = "<group>";
		};
		02F5520C1D7172D500F6E2F6 /* viewcontrollers */ = {
			isa = PBXGroup;
			children = (
				02FE84231D7170AE0027AC8A /* ViewController.swift */,
				02F5520D1D71733C00F6E2F6 /* HomeViewController.swift */,
				02F5520F1D71735300F6E2F6 /* AnswerViewController.swift */,
			);
			name = viewcontrollers;
			sourceTree = "<group>";
		};
		02F552181D722A3700F6E2F6 /* services */ = {
			isa = PBXGroup;
			children = (
				02F552191D722A4E00F6E2F6 /* OCRService.swift */,
			);
			name = services;
			sourceTree = "<group>";
		};
		02FE84151D7170AE0027AC8A = {
			isa = PBXGroup;
			children = (
				02FE84201D7170AE0027AC8A /* Solvely */,
				02FE841F1D7170AE0027AC8A /* Products */,
				CE9D189DA5C425B779BD8B7F /* Pods */,
				A28301F5D014ABC71F2B2480 /* Frameworks */,
				02F552131D72146B00F6E2F6 /* Solvely-Bridging-Header.h */,
			);
			sourceTree = "<group>";
		};
		02FE841F1D7170AE0027AC8A /* Products */ = {
			isa = PBXGroup;
			children = (
				02FE841E1D7170AE0027AC8A /* Solvely.app */,
			);
			name = Products;
			sourceTree = "<group>";
		};
		02FE84201D7170AE0027AC8A /* Solvely */ = {
			isa = PBXGroup;
			children = (
				02F552181D722A3700F6E2F6 /* services */,
				02F5520C1D7172D500F6E2F6 /* viewcontrollers */,
				02F5520B1D7172CF00F6E2F6 /* storyboards */,
				02FE84211D7170AE0027AC8A /* AppDelegate.swift */,
				02FE84281D7170AE0027AC8A /* Assets.xcassets */,
				02FE842D1D7170AE0027AC8A /* Info.plist */,
				02F552161D72205100F6E2F6 /* Constants.swift */,
			);
			path = Solvely;
			sourceTree = "<group>";
		};
		A28301F5D014ABC71F2B2480 /* Frameworks */ = {
			isa = PBXGroup;
			children = (
				CB3B6DE8D3A9DB2A814F770E /* Pods_Solvely.framework */,
			);
			name = Frameworks;
			sourceTree = "<group>";
		};
		CE9D189DA5C425B779BD8B7F /* Pods */ = {
			isa = PBXGroup;
			children = (
				402D09A6843AD2C090BA6A9D /* Pods-Solvely.debug.xcconfig */,
				2CD9636A3E885DDD02B64A9F /* Pods-Solvely.release.xcconfig */,
			);
			name = Pods;
			sourceTree = "<group>";
		};
/* End PBXGroup section */

/* Begin PBXNativeTarget section */
		02FE841D1D7170AE0027AC8A /* Solvely */ = {
			isa = PBXNativeTarget;
			buildConfigurationList = 02FE84301D7170AE0027AC8A /* Build configuration list for PBXNativeTarget "Solvely" */;
			buildPhases = (
				4020EE58C1441EC924B2618B /* 📦 Check Pods Manifest.lock */,
				02FE841A1D7170AE0027AC8A /* Sources */,
				02FE841B1D7170AE0027AC8A /* Frameworks */,
				02FE841C1D7170AE0027AC8A /* Resources */,
				1BD5273761B107B8A615A152 /* 📦 Embed Pods Frameworks */,
				2EF538A9B80B2CBB95E0F9C2 /* 📦 Copy Pods Resources */,
			);
			buildRules = (
			);
			dependencies = (
			);
			name = Solvely;
			productName = Solvely;
			productReference = 02FE841E1D7170AE0027AC8A /* Solvely.app */;
			productType = "com.apple.product-type.application";
		};
/* End PBXNativeTarget section */

/* Begin PBXProject section */
		02FE84161D7170AE0027AC8A /* Project object */ = {
			isa = PBXProject;
			attributes = {
				LastSwiftUpdateCheck = 0730;
				LastUpgradeCheck = 0730;
				ORGANIZATIONNAME = Solvely;
				TargetAttributes = {
					02FE841D1D7170AE0027AC8A = {
						CreatedOnToolsVersion = 7.3;
						DevelopmentTeam = ZJJ9X99X2K;
					};
				};
			};
			buildConfigurationList = 02FE84191D7170AE0027AC8A /* Build configuration list for PBXProject "Solvely" */;
			compatibilityVersion = "Xcode 3.2";
			developmentRegion = English;
			hasScannedForEncodings = 0;
			knownRegions = (
				en,
				Base,
			);
			mainGroup = 02FE84151D7170AE0027AC8A;
			productRefGroup = 02FE841F1D7170AE0027AC8A /* Products */;
			projectDirPath = "";
			projectRoot = "";
			targets = (
				02FE841D1D7170AE0027AC8A /* Solvely */,
			);
		};
/* End PBXProject section */

/* Begin PBXResourcesBuildPhase section */
		02FE841C1D7170AE0027AC8A /* Resources */ = {
			isa = PBXResourcesBuildPhase;
			buildActionMask = 2147483647;
			files = (
				02FE842C1D7170AE0027AC8A /* LaunchScreen.storyboard in Resources */,
				02F552121D71743500F6E2F6 /* Error.storyboard in Resources */,
				02FE84291D7170AE0027AC8A /* Assets.xcassets in Resources */,
				02FE84271D7170AE0027AC8A /* Main.storyboard in Resources */,
			);
			runOnlyForDeploymentPostprocessing = 0;
		};
/* End PBXResourcesBuildPhase section */

/* Begin PBXShellScriptBuildPhase section */
		1BD5273761B107B8A615A152 /* 📦 Embed Pods Frameworks */ = {
			isa = PBXShellScriptBuildPhase;
			buildActionMask = 2147483647;
			files = (
			);
			inputPaths = (
			);
			name = "📦 Embed Pods Frameworks";
			outputPaths = (
			);
			runOnlyForDeploymentPostprocessing = 0;
			shellPath = /bin/sh;
			shellScript = "\"${SRCROOT}/Pods/Target Support Files/Pods-Solvely/Pods-Solvely-frameworks.sh\"\n";
			showEnvVarsInLog = 0;
		};
		2EF538A9B80B2CBB95E0F9C2 /* 📦 Copy Pods Resources */ = {
			isa = PBXShellScriptBuildPhase;
			buildActionMask = 2147483647;
			files = (
			);
			inputPaths = (
			);
			name = "📦 Copy Pods Resources";
			outputPaths = (
			);
			runOnlyForDeploymentPostprocessing = 0;
			shellPath = /bin/sh;
			shellScript = "\"${SRCROOT}/Pods/Target Support Files/Pods-Solvely/Pods-Solvely-resources.sh\"\n";
			showEnvVarsInLog = 0;
		};
		4020EE58C1441EC924B2618B /* 📦 Check Pods Manifest.lock */ = {
			isa = PBXShellScriptBuildPhase;
			buildActionMask = 2147483647;
			files = (
			);
			inputPaths = (
			);
			name = "📦 Check Pods Manifest.lock";
			outputPaths = (
			);
			runOnlyForDeploymentPostprocessing = 0;
			shellPath = /bin/sh;
			shellScript = "diff \"${PODS_ROOT}/../Podfile.lock\" \"${PODS_ROOT}/Manifest.lock\" > /dev/null\nif [[ $? != 0 ]] ; then\n    cat << EOM\nerror: The sandbox is not in sync with the Podfile.lock. Run 'pod install' or update your CocoaPods installation.\nEOM\n    exit 1\nfi\n";
			showEnvVarsInLog = 0;
		};
/* End PBXShellScriptBuildPhase section */

/* Begin PBXSourcesBuildPhase section */
		02FE841A1D7170AE0027AC8A /* Sources */ = {
			isa = PBXSourcesBuildPhase;
			buildActionMask = 2147483647;
			files = (
				02F552171D72205100F6E2F6 /* Constants.swift in Sources */,
				02F552101D71735300F6E2F6 /* AnswerViewController.swift in Sources */,
				02FE84241D7170AE0027AC8A /* ViewController.swift in Sources */,
				02FE84221D7170AE0027AC8A /* AppDelegate.swift in Sources */,
				02F5521A1D722A4E00F6E2F6 /* OCRService.swift in Sources */,
				02F5520E1D71733C00F6E2F6 /* HomeViewController.swift in Sources */,
			);
			runOnlyForDeploymentPostprocessing = 0;
		};
/* End PBXSourcesBuildPhase section */

/* Begin PBXVariantGroup section */
		02FE84251D7170AE0027AC8A /* Main.storyboard */ = {
			isa = PBXVariantGroup;
			children = (
				02FE84261D7170AE0027AC8A /* Base */,
			);
			name = Main.storyboard;
			sourceTree = "<group>";
		};
		02FE842A1D7170AE0027AC8A /* LaunchScreen.storyboard */ = {
			isa = PBXVariantGroup;
			children = (
				02FE842B1D7170AE0027AC8A /* Base */,
			);
			name = LaunchScreen.storyboard;
			sourceTree = "<group>";
		};
/* End PBXVariantGroup section */

/* Begin XCBuildConfiguration section */
		02FE842E1D7170AE0027AC8A /* Debug */ = {
			isa = XCBuildConfiguration;
			buildSettings = {
				ALWAYS_SEARCH_USER_PATHS = NO;
				CLANG_ANALYZER_NONNULL = YES;
				CLANG_CXX_LANGUAGE_STANDARD = "gnu++0x";
				CLANG_CXX_LIBRARY = "libc++";
				CLANG_ENABLE_MODULES = YES;
				CLANG_ENABLE_OBJC_ARC = YES;
				CLANG_WARN_BOOL_CONVERSION = YES;
				CLANG_WARN_CONSTANT_CONVERSION = YES;
				CLANG_WARN_DIRECT_OBJC_ISA_USAGE = YES_ERROR;
				CLANG_WARN_EMPTY_BODY = YES;
				CLANG_WARN_ENUM_CONVERSION = YES;
				CLANG_WARN_INT_CONVERSION = YES;
				CLANG_WARN_OBJC_ROOT_CLASS = YES_ERROR;
				CLANG_WARN_UNREACHABLE_CODE = YES;
				CLANG_WARN__DUPLICATE_METHOD_MATCH = YES;
				"CODE_SIGN_IDENTITY[sdk=iphoneos*]" = "iPhone Developer";
				COPY_PHASE_STRIP = NO;
				DEBUG_INFORMATION_FORMAT = dwarf;
				ENABLE_STRICT_OBJC_MSGSEND = YES;
				ENABLE_TESTABILITY = YES;
				GCC_C_LANGUAGE_STANDARD = gnu99;
				GCC_DYNAMIC_NO_PIC = NO;
				GCC_NO_COMMON_BLOCKS = YES;
				GCC_OPTIMIZATION_LEVEL = 0;
				GCC_PREPROCESSOR_DEFINITIONS = (
					"DEBUG=1",
					"$(inherited)",
				);
				GCC_WARN_64_TO_32_BIT_CONVERSION = YES;
				GCC_WARN_ABOUT_RETURN_TYPE = YES_ERROR;
				GCC_WARN_UNDECLARED_SELECTOR = YES;
				GCC_WARN_UNINITIALIZED_AUTOS = YES_AGGRESSIVE;
				GCC_WARN_UNUSED_FUNCTION = YES;
				GCC_WARN_UNUSED_VARIABLE = YES;
				IPHONEOS_DEPLOYMENT_TARGET = 9.3;
				MTL_ENABLE_DEBUG_INFO = YES;
				ONLY_ACTIVE_ARCH = YES;
				SDKROOT = iphoneos;
				SWIFT_OPTIMIZATION_LEVEL = "-Onone";
			};
			name = Debug;
		};
		02FE842F1D7170AE0027AC8A /* Release */ = {
			isa = XCBuildConfiguration;
			buildSettings = {
				ALWAYS_SEARCH_USER_PATHS = NO;
				CLANG_ANALYZER_NONNULL = YES;
				CLANG_CXX_LANGUAGE_STANDARD = "gnu++0x";
				CLANG_CXX_LIBRARY = "libc++";
				CLANG_ENABLE_MODULES = YES;
				CLANG_ENABLE_OBJC_ARC = YES;
				CLANG_WARN_BOOL_CONVERSION = YES;
				CLANG_WARN_CONSTANT_CONVERSION = YES;
				CLANG_WARN_DIRECT_OBJC_ISA_USAGE = YES_ERROR;
				CLANG_WARN_EMPTY_BODY = YES;
				CLANG_WARN_ENUM_CONVERSION = YES;
				CLANG_WARN_INT_CONVERSION = YES;
				CLANG_WARN_OBJC_ROOT_CLASS = YES_ERROR;
				CLANG_WARN_UNREACHABLE_CODE = YES;
				CLANG_WARN__DUPLICATE_METHOD_MATCH = YES;
				"CODE_SIGN_IDENTITY[sdk=iphoneos*]" = "iPhone Developer";
				COPY_PHASE_STRIP = NO;
				DEBUG_INFORMATION_FORMAT = "dwarf-with-dsym";
				ENABLE_NS_ASSERTIONS = NO;
				ENABLE_STRICT_OBJC_MSGSEND = YES;
				GCC_C_LANGUAGE_STANDARD = gnu99;
				GCC_NO_COMMON_BLOCKS = YES;
				GCC_WARN_64_TO_32_BIT_CONVERSION = YES;
				GCC_WARN_ABOUT_RETURN_TYPE = YES_ERROR;
				GCC_WARN_UNDECLARED_SELECTOR = YES;
				GCC_WARN_UNINITIALIZED_AUTOS = YES_AGGRESSIVE;
				GCC_WARN_UNUSED_FUNCTION = YES;
				GCC_WARN_UNUSED_VARIABLE = YES;
				IPHONEOS_DEPLOYMENT_TARGET = 9.3;
				MTL_ENABLE_DEBUG_INFO = NO;
				SDKROOT = iphoneos;
				VALIDATE_PRODUCT = YES;
			};
			name = Release;
		};
		02FE84311D7170AE0027AC8A /* Debug */ = {
			isa = XCBuildConfiguration;
			baseConfigurationReference = 402D09A6843AD2C090BA6A9D /* Pods-Solvely.debug.xcconfig */;
			buildSettings = {
				ASSETCATALOG_COMPILER_APPICON_NAME = AppIcon;
				CLANG_ENABLE_MODULES = YES;
				CODE_SIGN_IDENTITY = "iPhone Developer";
				"CODE_SIGN_IDENTITY[sdk=iphoneos*]" = "iPhone Developer";
				INFOPLIST_FILE = Solvely/Info.plist;
				IPHONEOS_DEPLOYMENT_TARGET = 8.0;
				LD_RUNPATH_SEARCH_PATHS = "$(inherited) @executable_path/Frameworks";
				PRODUCT_BUNDLE_IDENTIFIER = io.solvely.Solvely;
				PRODUCT_NAME = "$(TARGET_NAME)";
				PROVISIONING_PROFILE = "";
				SWIFT_OBJC_BRIDGING_HEADER = "Solvely-Bridging-Header.h";
				SWIFT_OPTIMIZATION_LEVEL = "-Onone";
			};
			name = Debug;
		};
		02FE84321D7170AE0027AC8A /* Release */ = {
			isa = XCBuildConfiguration;
			baseConfigurationReference = 2CD9636A3E885DDD02B64A9F /* Pods-Solvely.release.xcconfig */;
			buildSettings = {
				ASSETCATALOG_COMPILER_APPICON_NAME = AppIcon;
				CLANG_ENABLE_MODULES = YES;
				CODE_SIGN_IDENTITY = "iPhone Developer";
				"CODE_SIGN_IDENTITY[sdk=iphoneos*]" = "iPhone Developer";
				INFOPLIST_FILE = Solvely/Info.plist;
				IPHONEOS_DEPLOYMENT_TARGET = 8.0;
				LD_RUNPATH_SEARCH_PATHS = "$(inherited) @executable_path/Frameworks";
				PRODUCT_BUNDLE_IDENTIFIER = io.solvely.Solvely;
				PRODUCT_NAME = "$(TARGET_NAME)";
				PROVISIONING_PROFILE = "";
				SWIFT_OBJC_BRIDGING_HEADER = "Solvely-Bridging-Header.h";
			};
			name = Release;
		};
/* End XCBuildConfiguration section */

/* Begin XCConfigurationList section */
		02FE84191D7170AE0027AC8A /* Build configuration list for PBXProject "Solvely" */ = {
			isa = XCConfigurationList;
			buildConfigurations = (
				02FE842E1D7170AE0027AC8A /* Debug */,
				02FE842F1D7170AE0027AC8A /* Release */,
			);
			defaultConfigurationIsVisible = 0;
			defaultConfigurationName = Release;
		};
		02FE84301D7170AE0027AC8A /* Build configuration list for PBXNativeTarget "Solvely" */ = {
			isa = XCConfigurationList;
			buildConfigurations = (
				02FE84311D7170AE0027AC8A /* Debug */,
				02FE84321D7170AE0027AC8A /* Release */,
			);
			defaultConfigurationIsVisible = 0;
			defaultConfigurationName = Release;
		};
/* End XCConfigurationList section */
	};
	rootObject = 02FE84161D7170AE0027AC8A /* Project object */;
}
