// !$*UTF8*$!
{
	archiveVersion = 1;
	classes = {
	};
	objectVersion = 46;
	objects = {

/* Begin PBXBuildFile section */
		02FE84221D7170AE0027AC8A /* AppDelegate.swift in Sources */ = {isa = PBXBuildFile; fileRef = 02FE84211D7170AE0027AC8A /* AppDelegate.swift */; };
		02FE84241D7170AE0027AC8A /* ViewController.swift in Sources */ = {isa = PBXBuildFile; fileRef = 02FE84231D7170AE0027AC8A /* ViewController.swift */; };
		02FE84271D7170AE0027AC8A /* Main.storyboard in Resources */ = {isa = PBXBuildFile; fileRef = 02FE84251D7170AE0027AC8A /* Main.storyboard */; };
		02FE84291D7170AE0027AC8A /* Assets.xcassets in Resources */ = {isa = PBXBuildFile; fileRef = 02FE84281D7170AE0027AC8A /* Assets.xcassets */; };
		02FE842C1D7170AE0027AC8A /* LaunchScreen.storyboard in Resources */ = {isa = PBXBuildFile; fileRef = 02FE842A1D7170AE0027AC8A /* LaunchScreen.storyboard */; };
/* End PBXBuildFile section */

/* Begin PBXFileReference section */
		02FE841E1D7170AE0027AC8A /* Solvely.app */ = {isa = PBXFileReference; explicitFileType = wrapper.application; includeInIndex = 0; path = Solvely.app; sourceTree = BUILT_PRODUCTS_DIR; };
		02FE84211D7170AE0027AC8A /* AppDelegate.swift */ = {isa = PBXFileReference; lastKnownFileType = sourcecode.swift; path = AppDelegate.swift; sourceTree = "<group>"; };
		02FE84231D7170AE0027AC8A /* ViewController.swift */ = {isa = PBXFileReference; lastKnownFileType = sourcecode.swift; path = ViewController.swift; sourceTree = "<group>"; };
		02FE84261D7170AE0027AC8A /* Base */ = {isa = PBXFileReference; lastKnownFileType = file.storyboard; name = Base; path = Base.lproj/Main.storyboard; sourceTree = "<group>"; };
		02FE84281D7170AE0027AC8A /* Assets.xcassets */ = {isa = PBXFileReference; lastKnownFileType = folder.assetcatalog; path = Assets.xcassets; sourceTree = "<group>"; };
		02FE842B1D7170AE0027AC8A /* Base */ = {isa = PBXFileReference; lastKnownFileType = file.storyboard; name = Base; path = Base.lproj/LaunchScreen.storyboard; sourceTree = "<group>"; };
		02FE842D1D7170AE0027AC8A /* Info.plist */ = {isa = PBXFileReference; lastKnownFileType = text.plist.xml; path = Info.plist; sourceTree = "<group>"; };
/* End PBXFileReference section */

/* Begin PBXFrameworksBuildPhase section */
		02FE841B1D7170AE0027AC8A /* Frameworks */ = {
			isa = PBXFrameworksBuildPhase;
			buildActionMask = 2147483647;
			files = (
			);
			runOnlyForDeploymentPostprocessing = 0;
		};
/* End PBXFrameworksBuildPhase section */

/* Begin PBXGroup section */
		02FE84151D7170AE0027AC8A = {
			isa = PBXGroup;
			children = (
				02FE84201D7170AE0027AC8A /* Solvely */,
				02FE841F1D7170AE0027AC8A /* Products */,
			);
			sourceTree = "<group>";
		};
		02FE841F1D7170AE0027AC8A /* Products */ = {
			isa = PBXGroup;
			children = (
				02FE841E1D7170AE0027AC8A /* Solvely.app */,
			);
			name = Products;
			sourceTree = "<group>";
		};
		02FE84201D7170AE0027AC8A /* Solvely */ = {
			isa = PBXGroup;
			children = (
				02FE84211D7170AE0027AC8A /* AppDelegate.swift */,
				02FE84231D7170AE0027AC8A /* ViewController.swift */,
				02FE84251D7170AE0027AC8A /* Main.storyboard */,
				02FE84281D7170AE0027AC8A /* Assets.xcassets */,
				02FE842A1D7170AE0027AC8A /* LaunchScreen.storyboard */,
				02FE842D1D7170AE0027AC8A /* Info.plist */,
			);
			path = Solvely;
			sourceTree = "<group>";
		};
/* End PBXGroup section */

/* Begin PBXNativeTarget section */
		02FE841D1D7170AE0027AC8A /* Solvely */ = {
			isa = PBXNativeTarget;
			buildConfigurationList = 02FE84301D7170AE0027AC8A /* Build configuration list for PBXNativeTarget "Solvely" */;
			buildPhases = (
				02FE841A1D7170AE0027AC8A /* Sources */,
				02FE841B1D7170AE0027AC8A /* Frameworks */,
				02FE841C1D7170AE0027AC8A /* Resources */,
			);
			buildRules = (
			);
			dependencies = (
			);
			name = Solvely;
			productName = Solvely;
			productReference = 02FE841E1D7170AE0027AC8A /* Solvely.app */;
			productType = "com.apple.product-type.application";
		};
/* End PBXNativeTarget section */

/* Begin PBXProject section */
		02FE84161D7170AE0027AC8A /* Project object */ = {
			isa = PBXProject;
			attributes = {
				LastSwiftUpdateCheck = 0730;
				LastUpgradeCheck = 0730;
				ORGANIZATIONNAME = Solvely;
				TargetAttributes = {
					02FE841D1D7170AE0027AC8A = {
						CreatedOnToolsVersion = 7.3;
					};
				};
			};
			buildConfigurationList = 02FE84191D7170AE0027AC8A /* Build configuration list for PBXProject "Solvely" */;
			compatibilityVersion = "Xcode 3.2";
			developmentRegion = English;
			hasScannedForEncodings = 0;
			knownRegions = (
				en,
				Base,
			);
			mainGroup = 02FE84151D7170AE0027AC8A;
			productRefGroup = 02FE841F1D7170AE0027AC8A /* Products */;
			projectDirPath = "";
			projectRoot = "";
			targets = (
				02FE841D1D7170AE0027AC8A /* Solvely */,
			);
		};
/* End PBXProject section */

/* Begin PBXResourcesBuildPhase section */
		02FE841C1D7170AE0027AC8A /* Resources */ = {
			isa = PBXResourcesBuildPhase;
			buildActionMask = 2147483647;
			files = (
				02FE842C1D7170AE0027AC8A /* LaunchScreen.storyboard in Resources */,
				02FE84291D7170AE0027AC8A /* Assets.xcassets in Resources */,
				02FE84271D7170AE0027AC8A /* Main.storyboard in Resources */,
			);
			runOnlyForDeploymentPostprocessing = 0;
		};
/* End PBXResourcesBuildPhase section */

/* Begin PBXSourcesBuildPhase section */
		02FE841A1D7170AE0027AC8A /* Sources */ = {
			isa = PBXSourcesBuildPhase;
			buildActionMask = 2147483647;
			files = (
				02FE84241D7170AE0027AC8A /* ViewController.swift in Sources */,
				02FE84221D7170AE0027AC8A /* AppDelegate.swift in Sources */,
			);
			runOnlyForDeploymentPostprocessing = 0;
		};
/* End PBXSourcesBuildPhase section */

/* Begin PBXVariantGroup section */
		02FE84251D7170AE0027AC8A /* Main.storyboard */ = {
			isa = PBXVariantGroup;
			children = (
				02FE84261D7170AE0027AC8A /* Base */,
			);
			name = Main.storyboard;
			sourceTree = "<group>";
		};
		02FE842A1D7170AE0027AC8A /* LaunchScreen.storyboard */ = {
			isa = PBXVariantGroup;
			children = (
				02FE842B1D7170AE0027AC8A /* Base */,
			);
			name = LaunchScreen.storyboard;
			sourceTree = "<group>";
		};
/* End PBXVariantGroup section */

/* Begin XCBuildConfiguration section */
		02FE842E1D7170AE0027AC8A /* Debug */ = {
			isa = XCBuildConfiguration;
			buildSettings = {
				ALWAYS_SEARCH_USER_PATHS = NO;
				CLANG_ANALYZER_NONNULL = YES;
				CLANG_CXX_LANGUAGE_STANDARD = "gnu++0x";
				CLANG_CXX_LIBRARY = "libc++";
				CLANG_ENABLE_MODULES = YES;
				CLANG_ENABLE_OBJC_ARC = YES;
				CLANG_WARN_BOOL_CONVERSION = YES;
				CLANG_WARN_CONSTANT_CONVERSION = YES;
				CLANG_WARN_DIRECT_OBJC_ISA_USAGE = YES_ERROR;
				CLANG_WARN_EMPTY_BODY = YES;
				CLANG_WARN_ENUM_CONVERSION = YES;
				CLANG_WARN_INT_CONVERSION = YES;
				CLANG_WARN_OBJC_ROOT_CLASS = YES_ERROR;
				CLANG_WARN_UNREACHABLE_CODE = YES;
				CLANG_WARN__DUPLICATE_METHOD_MATCH = YES;
				"CODE_SIGN_IDENTITY[sdk=iphoneos*]" = "iPhone Developer";
				COPY_PHASE_STRIP = NO;
				DEBUG_INFORMATION_FORMAT = dwarf;
				ENABLE_STRICT_OBJC_MSGSEND = YES;
				ENABLE_TESTABILITY = YES;
				GCC_C_LANGUAGE_STANDARD = gnu99;
				GCC_DYNAMIC_NO_PIC = NO;
				GCC_NO_COMMON_BLOCKS = YES;
				GCC_OPTIMIZATION_LEVEL = 0;
				GCC_PREPROCESSOR_DEFINITIONS = (
					"DEBUG=1",
					"$(inherited)",
				);
				GCC_WARN_64_TO_32_BIT_CONVERSION = YES;
				GCC_WARN_ABOUT_RETURN_TYPE = YES_ERROR;
				GCC_WARN_UNDECLARED_SELECTOR = YES;
				GCC_WARN_UNINITIALIZED_AUTOS = YES_AGGRESSIVE;
				GCC_WARN_UNUSED_FUNCTION = YES;
				GCC_WARN_UNUSED_VARIABLE = YES;
				IPHONEOS_DEPLOYMENT_TARGET = 9.3;
				MTL_ENABLE_DEBUG_INFO = YES;
				ONLY_ACTIVE_ARCH = YES;
				SDKROOT = iphoneos;
				SWIFT_OPTIMIZATION_LEVEL = "-Onone";
			};
			name = Debug;
		};
		02FE842F1D7170AE0027AC8A /* Release */ = {
			isa = XCBuildConfiguration;
			buildSettings = {
				ALWAYS_SEARCH_USER_PATHS = NO;
				CLANG_ANALYZER_NONNULL = YES;
				CLANG_CXX_LANGUAGE_STANDARD = "gnu++0x";
				CLANG_CXX_LIBRARY = "libc++";
				CLANG_ENABLE_MODULES = YES;
				CLANG_ENABLE_OBJC_ARC = YES;
				CLANG_WARN_BOOL_CONVERSION = YES;
				CLANG_WARN_CONSTANT_CONVERSION = YES;
				CLANG_WARN_DIRECT_OBJC_ISA_USAGE = YES_ERROR;
				CLANG_WARN_EMPTY_BODY = YES;
				CLANG_WARN_ENUM_CONVERSION = YES;
				CLANG_WARN_INT_CONVERSION = YES;
				CLANG_WARN_OBJC_ROOT_CLASS = YES_ERROR;
				CLANG_WARN_UNREACHABLE_CODE = YES;
				CLANG_WARN__DUPLICATE_METHOD_MATCH = YES;
				"CODE_SIGN_IDENTITY[sdk=iphoneos*]" = "iPhone Developer";
				COPY_PHASE_STRIP = NO;
				DEBUG_INFORMATION_FORMAT = "dwarf-with-dsym";
				ENABLE_NS_ASSERTIONS = NO;
				ENABLE_STRICT_OBJC_MSGSEND = YES;
				GCC_C_LANGUAGE_STANDARD = gnu99;
				GCC_NO_COMMON_BLOCKS = YES;
				GCC_WARN_64_TO_32_BIT_CONVERSION = YES;
				GCC_WARN_ABOUT_RETURN_TYPE = YES_ERROR;
				GCC_WARN_UNDECLARED_SELECTOR = YES;
				GCC_WARN_UNINITIALIZED_AUTOS = YES_AGGRESSIVE;
				GCC_WARN_UNUSED_FUNCTION = YES;
				GCC_WARN_UNUSED_VARIABLE = YES;
				IPHONEOS_DEPLOYMENT_TARGET = 9.3;
				MTL_ENABLE_DEBUG_INFO = NO;
				SDKROOT = iphoneos;
				VALIDATE_PRODUCT = YES;
			};
			name = Release;
		};
		02FE84311D7170AE0027AC8A /* Debug */ = {
			isa = XCBuildConfiguration;
			buildSettings = {
				ASSETCATALOG_COMPILER_APPICON_NAME = AppIcon;
				INFOPLIST_FILE = Solvely/Info.plist;
				LD_RUNPATH_SEARCH_PATHS = "$(inherited) @executable_path/Frameworks";
				PRODUCT_BUNDLE_IDENTIFIER = io.solvely.Solvely;
				PRODUCT_NAME = "$(TARGET_NAME)";
			};
			name = Debug;
		};
		02FE84321D7170AE0027AC8A /* Release */ = {
			isa = XCBuildConfiguration;
			buildSettings = {
				ASSETCATALOG_COMPILER_APPICON_NAME = AppIcon;
				INFOPLIST_FILE = Solvely/Info.plist;
				LD_RUNPATH_SEARCH_PATHS = "$(inherited) @executable_path/Frameworks";
				PRODUCT_BUNDLE_IDENTIFIER = io.solvely.Solvely;
				PRODUCT_NAME = "$(TARGET_NAME)";
			};
			name = Release;
		};
/* End XCBuildConfiguration section */

/* Begin XCConfigurationList section */
		02FE84191D7170AE0027AC8A /* Build configuration list for PBXProject "Solvely" */ = {
			isa = XCConfigurationList;
			buildConfigurations = (
				02FE842E1D7170AE0027AC8A /* Debug */,
				02FE842F1D7170AE0027AC8A /* Release */,
			);
			defaultConfigurationIsVisible = 0;
			defaultConfigurationName = Release;
		};
		02FE84301D7170AE0027AC8A /* Build configuration list for PBXNativeTarget "Solvely" */ = {
			isa = XCConfigurationList;
			buildConfigurations = (
				02FE84311D7170AE0027AC8A /* Debug */,
				02FE84321D7170AE0027AC8A /* Release */,
			);
			defaultConfigurationIsVisible = 0;
		};
/* End XCConfigurationList section */
	};
	rootObject = 02FE84161D7170AE0027AC8A /* Project object */;
}
